lockfileVersion: 5.4

specifiers:
  '@rescript/react': 0.10.3
  rescript: 9.1.4

devDependencies:
  '@rescript/react': 0.10.3
  rescript: 9.1.4

packages:

  /@rescript/react/0.10.3:
    resolution: {integrity: sha512-Lf9rzrR3bQPKJjOK3PBRa/B3xrJ7CqQ1HYr9VHPVxJidarIJJFZBhj0Dg1uZURX+Wg/xiP0PHFxXmdj2bK8Vxw==}
    peerDependencies:
      react: '>=16.8.1'
      react-dom: '>=16.8.1'
    dev: true

  /rescript/9.1.4:
    resolution: {integrity: sha512-aXANK4IqecJzdnDpJUsU6pxMViCR5ogAxzuqS0mOr8TloMnzAjJFu63fjD6LCkWrKAhlMkFFzQvVQYaAaVkFXw==}
    hasBin: true
    requiresBuild: true
    dev: true
